// !$*UTF8*$!
{
	archiveVersion = 1;
	classes = {
	};
	objectVersion = 46;
	objects = {

/* Begin PBXBuildFile section */
		9BB455101981275200700FED /* Foundation.framework in Frameworks */ = {isa = PBXBuildFile; fileRef = 9BB4550F1981275200700FED /* Foundation.framework */; };
		9BB455121981275200700FED /* CoreGraphics.framework in Frameworks */ = {isa = PBXBuildFile; fileRef = 9BB455111981275200700FED /* CoreGraphics.framework */; };
		9BB455141981275200700FED /* UIKit.framework in Frameworks */ = {isa = PBXBuildFile; fileRef = 9BB455131981275200700FED /* UIKit.framework */; };
		9BB4551A1981275200700FED /* InfoPlist.strings in Resources */ = {isa = PBXBuildFile; fileRef = 9BB455181981275200700FED /* InfoPlist.strings */; };
		9BB4551C1981275200700FED /* main.m in Sources */ = {isa = PBXBuildFile; fileRef = 9BB4551B1981275200700FED /* main.m */; };
		9BB455201981275200700FED /* AppDelegate.m in Sources */ = {isa = PBXBuildFile; fileRef = 9BB4551F1981275200700FED /* AppDelegate.m */; };
		9BB455221981275200700FED /* Images.xcassets in Resources */ = {isa = PBXBuildFile; fileRef = 9BB455211981275200700FED /* Images.xcassets */; };
		9BB455291981275200700FED /* XCTest.framework in Frameworks */ = {isa = PBXBuildFile; fileRef = 9BB455281981275200700FED /* XCTest.framework */; };
		9BB4552A1981275200700FED /* Foundation.framework in Frameworks */ = {isa = PBXBuildFile; fileRef = 9BB4550F1981275200700FED /* Foundation.framework */; };
		9BB4552B1981275200700FED /* UIKit.framework in Frameworks */ = {isa = PBXBuildFile; fileRef = 9BB455131981275200700FED /* UIKit.framework */; };
		9BB455331981275200700FED /* InfoPlist.strings in Resources */ = {isa = PBXBuildFile; fileRef = 9BB455311981275200700FED /* InfoPlist.strings */; };
		9BB455351981275200700FED /* scrollViewSelfTests.m in Sources */ = {isa = PBXBuildFile; fileRef = 9BB455341981275200700FED /* scrollViewSelfTests.m */; };
		9BB455411981287600700FED /* hezi0.jpg in Resources */ = {isa = PBXBuildFile; fileRef = 9BB4553E1981287600700FED /* hezi0.jpg */; };
		9BB455421981287600700FED /* hezi1.jpg in Resources */ = {isa = PBXBuildFile; fileRef = 9BB4553F1981287600700FED /* hezi1.jpg */; };
		9BB455431981287600700FED /* hezi2.jpg in Resources */ = {isa = PBXBuildFile; fileRef = 9BB455401981287600700FED /* hezi2.jpg */; };
/* End PBXBuildFile section */

/* Begin PBXContainerItemProxy section */
		9BB4552C1981275200700FED /* PBXContainerItemProxy */ = {
			isa = PBXContainerItemProxy;
			containerPortal = 9BB455041981275200700FED /* Project object */;
			proxyType = 1;
			remoteGlobalIDString = 9BB4550B1981275200700FED;
			remoteInfo = scrollViewSelf;
		};
/* End PBXContainerItemProxy section */

/* Begin PBXFileReference section */
		9BB4550C1981275200700FED /* scrollViewSelf.app */ = {isa = PBXFileReference; explicitFileType = wrapper.application; includeInIndex = 0; path = scrollViewSelf.app; sourceTree = BUILT_PRODUCTS_DIR; };
		9BB4550F1981275200700FED /* Foundation.framework */ = {isa = PBXFileReference; lastKnownFileType = wrapper.framework; name = Foundation.framework; path = System/Library/Frameworks/Foundation.framework; sourceTree = SDKROOT; };
		9BB455111981275200700FED /* CoreGraphics.framework */ = {isa = PBXFileReference; lastKnownFileType = wrapper.framework; name = CoreGraphics.framework; path = System/Library/Frameworks/CoreGraphics.framework; sourceTree = SDKROOT; };
		9BB455131981275200700FED /* UIKit.framework */ = {isa = PBXFileReference; lastKnownFileType = wrapper.framework; name = UIKit.framework; path = System/Library/Frameworks/UIKit.framework; sourceTree = SDKROOT; };
		9BB455171981275200700FED /* scrollViewSelf-Info.plist */ = {isa = PBXFileReference; lastKnownFileType = text.plist.xml; path = "scrollViewSelf-Info.plist"; sourceTree = "<group>"; };
		9BB455191981275200700FED /* en */ = {isa = PBXFileReference; lastKnownFileType = text.plist.strings; name = en; path = en.lproj/InfoPlist.strings; sourceTree = "<group>"; };
		9BB4551B1981275200700FED /* main.m */ = {isa = PBXFileReference; lastKnownFileType = sourcecode.c.objc; path = main.m; sourceTree = "<group>"; };
		9BB4551D1981275200700FED /* scrollViewSelf-Prefix.pch */ = {isa = PBXFileReference; lastKnownFileType = sourcecode.c.h; path = "scrollViewSelf-Prefix.pch"; sourceTree = "<group>"; };
		9BB4551E1981275200700FED /* AppDelegate.h */ = {isa = PBXFileReference; lastKnownFileType = sourcecode.c.h; path = AppDelegate.h; sourceTree = "<group>"; };
		9BB4551F1981275200700FED /* AppDelegate.m */ = {isa = PBXFileReference; lastKnownFileType = sourcecode.c.objc; path = AppDelegate.m; sourceTree = "<group>"; };
		9BB455211981275200700FED /* Images.xcassets */ = {isa = PBXFileReference; lastKnownFileType = folder.assetcatalog; path = Images.xcassets; sourceTree = "<group>"; };
		9BB455271981275200700FED /* scrollViewSelfTests.xctest */ = {isa = PBXFileReference; explicitFileType = wrapper.cfbundle; includeInIndex = 0; path = scrollViewSelfTests.xctest; sourceTree = BUILT_PRODUCTS_DIR; };
		9BB455281981275200700FED /* XCTest.framework */ = {isa = PBXFileReference; lastKnownFileType = wrapper.framework; name = XCTest.framework; path = Library/Frameworks/XCTest.framework; sourceTree = DEVELOPER_DIR; };
		9BB455301981275200700FED /* scrollViewSelfTests-Info.plist */ = {isa = PBXFileReference; lastKnownFileType = text.plist.xml; path = "scrollViewSelfTests-Info.plist"; sourceTree = "<group>"; };
		9BB455321981275200700FED /* en */ = {isa = PBXFileReference; lastKnownFileType = text.plist.strings; name = en; path = en.lproj/InfoPlist.strings; sourceTree = "<group>"; };
		9BB455341981275200700FED /* scrollViewSelfTests.m */ = {isa = PBXFileReference; lastKnownFileType = sourcecode.c.objc; path = scrollViewSelfTests.m; sourceTree = "<group>"; };
		9BB4553E1981287600700FED /* hezi0.jpg */ = {isa = PBXFileReference; lastKnownFileType = image.jpeg; path = hezi0.jpg; sourceTree = "<group>"; };
		9BB4553F1981287600700FED /* hezi1.jpg */ = {isa = PBXFileReference; lastKnownFileType = image.jpeg; path = hezi1.jpg; sourceTree = "<group>"; };
		9BB455401981287600700FED /* hezi2.jpg */ = {isa = PBXFileReference; lastKnownFileType = image.jpeg; path = hezi2.jpg; sourceTree = "<group>"; };
/* End PBXFileReference section */

/* Begin PBXFrameworksBuildPhase section */
		9BB455091981275200700FED /* Frameworks */ = {
			isa = PBXFrameworksBuildPhase;
			buildActionMask = 2147483647;
			files = (
				9BB455121981275200700FED /* CoreGraphics.framework in Frameworks */,
				9BB455141981275200700FED /* UIKit.framework in Frameworks */,
				9BB455101981275200700FED /* Foundation.framework in Frameworks */,
			);
			runOnlyForDeploymentPostprocessing = 0;
		};
		9BB455241981275200700FED /* Frameworks */ = {
			isa = PBXFrameworksBuildPhase;
			buildActionMask = 2147483647;
			files = (
				9BB455291981275200700FED /* XCTest.framework in Frameworks */,
				9BB4552B1981275200700FED /* UIKit.framework in Frameworks */,
				9BB4552A1981275200700FED /* Foundation.framework in Frameworks */,
			);
			runOnlyForDeploymentPostprocessing = 0;
		};
/* End PBXFrameworksBuildPhase section */

/* Begin PBXGroup section */
		9BB455031981275200700FED = {
			isa = PBXGroup;
			children = (
				9BB455151981275200700FED /* scrollViewSelf */,
				9BB4552E1981275200700FED /* scrollViewSelfTests */,
				9BB4550E1981275200700FED /* Frameworks */,
				9BB4550D1981275200700FED /* Products */,
			);
			sourceTree = "<group>";
		};
		9BB4550D1981275200700FED /* Products */ = {
			isa = PBXGroup;
			children = (
				9BB4550C1981275200700FED /* scrollViewSelf.app */,
				9BB455271981275200700FED /* scrollViewSelfTests.xctest */,
			);
			name = Products;
			sourceTree = "<group>";
		};
		9BB4550E1981275200700FED /* Frameworks */ = {
			isa = PBXGroup;
			children = (
				9BB4550F1981275200700FED /* Foundation.framework */,
				9BB455111981275200700FED /* CoreGraphics.framework */,
				9BB455131981275200700FED /* UIKit.framework */,
				9BB455281981275200700FED /* XCTest.framework */,
			);
			name = Frameworks;
			sourceTree = "<group>";
		};
		9BB455151981275200700FED /* scrollViewSelf */ = {
			isa = PBXGroup;
			children = (
				9BB4553E1981287600700FED /* hezi0.jpg */,
				9BB4553F1981287600700FED /* hezi1.jpg */,
				9BB455401981287600700FED /* hezi2.jpg */,
				9BB4551E1981275200700FED /* AppDelegate.h */,
				9BB4551F1981275200700FED /* AppDelegate.m */,
				9BB455211981275200700FED /* Images.xcassets */,
				9BB455161981275200700FED /* Supporting Files */,
			);
			path = scrollViewSelf;
			sourceTree = "<group>";
		};
		9BB455161981275200700FED /* Supporting Files */ = {
			isa = PBXGroup;
			children = (
				9BB455171981275200700FED /* scrollViewSelf-Info.plist */,
				9BB455181981275200700FED /* InfoPlist.strings */,
				9BB4551B1981275200700FED /* main.m */,
				9BB4551D1981275200700FED /* scrollViewSelf-Prefix.pch */,
			);
			name = "Supporting Files";
			sourceTree = "<group>";
		};
		9BB4552E1981275200700FED /* scrollViewSelfTests */ = {
			isa = PBXGroup;
			children = (
				9BB455341981275200700FED /* scrollViewSelfTests.m */,
				9BB4552F1981275200700FED /* Supporting Files */,
			);
			path = scrollViewSelfTests;
			sourceTree = "<group>";
		};
		9BB4552F1981275200700FED /* Supporting Files */ = {
			isa = PBXGroup;
			children = (
				9BB455301981275200700FED /* scrollViewSelfTests-Info.plist */,
				9BB455311981275200700FED /* InfoPlist.strings */,
			);
			name = "Supporting Files";
			sourceTree = "<group>";
		};
/* End PBXGroup section */

/* Begin PBXNativeTarget section */
		9BB4550B1981275200700FED /* scrollViewSelf */ = {
			isa = PBXNativeTarget;
			buildConfigurationList = 9BB455381981275200700FED /* Build configuration list for PBXNativeTarget "scrollViewSelf" */;
			buildPhases = (
				9BB455081981275200700FED /* Sources */,
				9BB455091981275200700FED /* Frameworks */,
				9BB4550A1981275200700FED /* Resources */,
			);
			buildRules = (
			);
			dependencies = (
			);
			name = scrollViewSelf;
			productName = scrollViewSelf;
			productReference = 9BB4550C1981275200700FED /* scrollViewSelf.app */;
			productType = "com.apple.product-type.application";
		};
		9BB455261981275200700FED /* scrollViewSelfTests */ = {
			isa = PBXNativeTarget;
			buildConfigurationList = 9BB4553B1981275200700FED /* Build configuration list for PBXNativeTarget "scrollViewSelfTests" */;
			buildPhases = (
				9BB455231981275200700FED /* Sources */,
				9BB455241981275200700FED /* Frameworks */,
				9BB455251981275200700FED /* Resources */,
			);
			buildRules = (
			);
			dependencies = (
				9BB4552D1981275200700FED /* PBXTargetDependency */,
			);
			name = scrollViewSelfTests;
			productName = scrollViewSelfTests;
			productReference = 9BB455271981275200700FED /* scrollViewSelfTests.xctest */;
			productType = "com.apple.product-type.bundle.unit-test";
		};
/* End PBXNativeTarget section */

/* Begin PBXProject section */
		9BB455041981275200700FED /* Project object */ = {
			isa = PBXProject;
			attributes = {
				LastUpgradeCheck = 0510;
				ORGANIZATIONNAME = longfei;
				TargetAttributes = {
					9BB455261981275200700FED = {
						TestTargetID = 9BB4550B1981275200700FED;
					};
				};
			};
			buildConfigurationList = 9BB455071981275200700FED /* Build configuration list for PBXProject "scrollViewSelf" */;
			compatibilityVersion = "Xcode 3.2";
			developmentRegion = English;
			hasScannedForEncodings = 0;
			knownRegions = (
				en,
			);
			mainGroup = 9BB455031981275200700FED;
			productRefGroup = 9BB4550D1981275200700FED /* Products */;
			projectDirPath = "";
			projectRoot = "";
			targets = (
				9BB4550B1981275200700FED /* scrollViewSelf */,
				9BB455261981275200700FED /* scrollViewSelfTests */,
			);
		};
/* End PBXProject section */

/* Begin PBXResourcesBuildPhase section */
		9BB4550A1981275200700FED /* Resources */ = {
			isa = PBXResourcesBuildPhase;
			buildActionMask = 2147483647;
			files = (
				9BB4551A1981275200700FED /* InfoPlist.strings in Resources */,
				9BB455421981287600700FED /* hezi1.jpg in Resources */,
				9BB455411981287600700FED /* hezi0.jpg in Resources */,
				9BB455221981275200700FED /* Images.xcassets in Resources */,
				9BB455431981287600700FED /* hezi2.jpg in Resources */,
			);
			runOnlyForDeploymentPostprocessing = 0;
		};
		9BB455251981275200700FED /* Resources */ = {
			isa = PBXResourcesBuildPhase;
			buildActionMask = 2147483647;
			files = (
				9BB455331981275200700FED /* InfoPlist.strings in Resources */,
			);
			runOnlyForDeploymentPostprocessing = 0;
		};
/* End PBXResourcesBuildPhase section */

/* Begin PBXSourcesBuildPhase section */
		9BB455081981275200700FED /* Sources */ = {
			isa = PBXSourcesBuildPhase;
			buildActionMask = 2147483647;
			files = (
				9BB455201981275200700FED /* AppDelegate.m in Sources */,
				9BB4551C1981275200700FED /* main.m in Sources */,
			);
			runOnlyForDeploymentPostprocessing = 0;
		};
		9BB455231981275200700FED /* Sources */ = {
			isa = PBXSourcesBuildPhase;
			buildActionMask = 2147483647;
			files = (
				9BB455351981275200700FED /* scrollViewSelfTests.m in Sources */,
			);
			runOnlyForDeploymentPostprocessing = 0;
		};
/* End PBXSourcesBuildPhase section */

/* Begin PBXTargetDependency section */
		9BB4552D1981275200700FED /* PBXTargetDependency */ = {
			isa = PBXTargetDependency;
			target = 9BB4550B1981275200700FED /* scrollViewSelf */;
			targetProxy = 9BB4552C1981275200700FED /* PBXContainerItemProxy */;
		};
/* End PBXTargetDependency section */

/* Begin PBXVariantGroup section */
		9BB455181981275200700FED /* InfoPlist.strings */ = {
			isa = PBXVariantGroup;
			children = (
				9BB455191981275200700FED /* en */,
			);
			name = InfoPlist.strings;
			sourceTree = "<group>";
		};
		9BB455311981275200700FED /* InfoPlist.strings */ = {
			isa = PBXVariantGroup;
			children = (
				9BB455321981275200700FED /* en */,
			);
			name = InfoPlist.strings;
			sourceTree = "<group>";
		};
/* End PBXVariantGroup section */

/* Begin XCBuildConfiguration section */
		9BB455361981275200700FED /* Debug */ = {
			isa = XCBuildConfiguration;
			buildSettings = {
				ALWAYS_SEARCH_USER_PATHS = NO;
				CLANG_CXX_LANGUAGE_STANDARD = "gnu++0x";
				CLANG_CXX_LIBRARY = "libc++";
				CLANG_ENABLE_MODULES = YES;
				CLANG_ENABLE_OBJC_ARC = YES;
				CLANG_WARN_BOOL_CONVERSION = YES;
				CLANG_WARN_CONSTANT_CONVERSION = YES;
				CLANG_WARN_DIRECT_OBJC_ISA_USAGE = YES_ERROR;
				CLANG_WARN_EMPTY_BODY = YES;
				CLANG_WARN_ENUM_CONVERSION = YES;
				CLANG_WARN_INT_CONVERSION = YES;
				CLANG_WARN_OBJC_ROOT_CLASS = YES_ERROR;
				CLANG_WARN__DUPLICATE_METHOD_MATCH = YES;
				"CODE_SIGN_IDENTITY[sdk=iphoneos*]" = "iPhone Developer";
				COPY_PHASE_STRIP = NO;
				GCC_C_LANGUAGE_STANDARD = gnu99;
				GCC_DYNAMIC_NO_PIC = NO;
				GCC_OPTIMIZATION_LEVEL = 0;
				GCC_PREPROCESSOR_DEFINITIONS = (
					"DEBUG=1",
					"$(inherited)",
				);
				GCC_SYMBOLS_PRIVATE_EXTERN = NO;
				GCC_WARN_64_TO_32_BIT_CONVERSION = YES;
				GCC_WARN_ABOUT_RETURN_TYPE = YES_ERROR;
				GCC_WARN_UNDECLARED_SELECTOR = YES;
				GCC_WARN_UNINITIALIZED_AUTOS = YES_AGGRESSIVE;
				GCC_WARN_UNUSED_FUNCTION = YES;
				GCC_WARN_UNUSED_VARIABLE = YES;
				IPHONEOS_DEPLOYMENT_TARGET = 7.1;
				ONLY_ACTIVE_ARCH = YES;
				SDKROOT = iphoneos;
			};
			name = Debug;
		};
		9BB455371981275200700FED /* Release */ = {
			isa = XCBuildConfiguration;
			buildSettings = {
				ALWAYS_SEARCH_USER_PATHS = NO;
				CLANG_CXX_LANGUAGE_STANDARD = "gnu++0x";
				CLANG_CXX_LIBRARY = "libc++";
				CLANG_ENABLE_MODULES = YES;
				CLANG_ENABLE_OBJC_ARC = YES;
				CLANG_WARN_BOOL_CONVERSION = YES;
				CLANG_WARN_CONSTANT_CONVERSION = YES;
				CLANG_WARN_DIRECT_OBJC_ISA_USAGE = YES_ERROR;
				CLANG_WARN_EMPTY_BODY = YES;
				CLANG_WARN_ENUM_CONVERSION = YES;
				CLANG_WARN_INT_CONVERSION = YES;
				CLANG_WARN_OBJC_ROOT_CLASS = YES_ERROR;
				CLANG_WARN__DUPLICATE_METHOD_MATCH = YES;
				"CODE_SIGN_IDENTITY[sdk=iphoneos*]" = "iPhone Developer";
				COPY_PHASE_STRIP = YES;
				ENABLE_NS_ASSERTIONS = NO;
				GCC_C_LANGUAGE_STANDARD = gnu99;
				GCC_WARN_64_TO_32_BIT_CONVERSION = YES;
				GCC_WARN_ABOUT_RETURN_TYPE = YES_ERROR;
				GCC_WARN_UNDECLARED_SELECTOR = YES;
				GCC_WARN_UNINITIALIZED_AUTOS = YES_AGGRESSIVE;
				GCC_WARN_UNUSED_FUNCTION = YES;
				GCC_WARN_UNUSED_VARIABLE = YES;
				IPHONEOS_DEPLOYMENT_TARGET = 7.1;
				SDKROOT = iphoneos;
				VALIDATE_PRODUCT = YES;
			};
			name = Release;
		};
		9BB455391981275200700FED /* Debug */ = {
			isa = XCBuildConfiguration;
			buildSettings = {
				ASSETCATALOG_COMPILER_APPICON_NAME = AppIcon;
				ASSETCATALOG_COMPILER_LAUNCHIMAGE_NAME = LaunchImage;
				GCC_PRECOMPILE_PREFIX_HEADER = YES;
				GCC_PREFIX_HEADER = "scrollViewSelf/scrollViewSelf-Prefix.pch";
				INFOPLIST_FILE = "scrollViewSelf/scrollViewSelf-Info.plist";
				PRODUCT_NAME = "$(TARGET_NAME)";
				WRAPPER_EXTENSION = app;
			};
			name = Debug;
		};
		9BB4553A1981275200700FED /* Release */ = {
			isa = XCBuildConfiguration;
			buildSettings = {
				ASSETCATALOG_COMPILER_APPICON_NAME = AppIcon;
				ASSETCATALOG_COMPILER_LAUNCHIMAGE_NAME = LaunchImage;
				GCC_PRECOMPILE_PREFIX_HEADER = YES;
				GCC_PREFIX_HEADER = "scrollViewSelf/scrollViewSelf-Prefix.pch";
				INFOPLIST_FILE = "scrollViewSelf/scrollViewSelf-Info.plist";
				PRODUCT_NAME = "$(TARGET_NAME)";
				WRAPPER_EXTENSION = app;
			};
			name = Release;
		};
		9BB4553C1981275200700FED /* Debug */ = {
			isa = XCBuildConfiguration;
			buildSettings = {
				BUNDLE_LOADER = "$(BUILT_PRODUCTS_DIR)/scrollViewSelf.app/scrollViewSelf";
				FRAMEWORK_SEARCH_PATHS = (
					"$(SDKROOT)/Developer/Library/Frameworks",
					"$(inherited)",
					"$(DEVELOPER_FRAMEWORKS_DIR)",
				);
				GCC_PRECOMPILE_PREFIX_HEADER = YES;
				GCC_PREFIX_HEADER = "scrollViewSelf/scrollViewSelf-Prefix.pch";
				GCC_PREPROCESSOR_DEFINITIONS = (
					"DEBUG=1",
					"$(inherited)",
				);
				INFOPLIST_FILE = "scrollViewSelfTests/scrollViewSelfTests-Info.plist";
				PRODUCT_NAME = "$(TARGET_NAME)";
				TEST_HOST = "$(BUNDLE_LOADER)";
				WRAPPER_EXTENSION = xctest;
			};
			name = Debug;
		};
		9BB4553D1981275200700FED /* Release */ = {
			isa = XCBuildConfiguration;
			buildSettings = {
				BUNDLE_LOADER = "$(BUILT_PRODUCTS_DIR)/scrollViewSelf.app/scrollViewSelf";
				FRAMEWORK_SEARCH_PATHS = (
					"$(SDKROOT)/Developer/Library/Frameworks",
					"$(inherited)",
					"$(DEVELOPER_FRAMEWORKS_DIR)",
				);
				GCC_PRECOMPILE_PREFIX_HEADER = YES;
				GCC_PREFIX_HEADER = "scrollViewSelf/scrollViewSelf-Prefix.pch";
				INFOPLIST_FILE = "scrollViewSelfTests/scrollViewSelfTests-Info.plist";
				PRODUCT_NAME = "$(TARGET_NAME)";
				TEST_HOST = "$(BUNDLE_LOADER)";
				WRAPPER_EXTENSION = xctest;
			};
			name = Release;
		};
/* End XCBuildConfiguration section */

/* Begin XCConfigurationList section */
		9BB455071981275200700FED /* Build configuration list for PBXProject "scrollViewSelf" */ = {
			isa = XCConfigurationList;
			buildConfigurations = (
				9BB455361981275200700FED /* Debug */,
				9BB455371981275200700FED /* Release */,
			);
			defaultConfigurationIsVisible = 0;
			defaultConfigurationName = Release;
		};
		9BB455381981275200700FED /* Build configuration list for PBXNativeTarget "scrollViewSelf" */ = {
			isa = XCConfigurationList;
			buildConfigurations = (
				9BB455391981275200700FED /* Debug */,
				9BB4553A1981275200700FED /* Release */,
			);
			defaultConfigurationIsVisible = 0;
		};
		9BB4553B1981275200700FED /* Build configuration list for PBXNativeTarget "scrollViewSelfTests" */ = {
			isa = XCConfigurationList;
			buildConfigurations = (
				9BB4553C1981275200700FED /* Debug */,
				9BB4553D1981275200700FED /* Release */,
			);
			defaultConfigurationIsVisible = 0;
		};
/* End XCConfigurationList section */
	};
	rootObject = 9BB455041981275200700FED /* Project object */;
}
